// !$*UTF8*$!
{
	archiveVersion = 1;
	classes = {
	};
	objectVersion = 56;
	objects = {

/* Begin PBXBuildFile section */
		7425F10029FD3F72002610FF /* TwitterCloneApp.swift in Sources */ = {isa = PBXBuildFile; fileRef = 7425F0FF29FD3F72002610FF /* TwitterCloneApp.swift */; };
		7425F10229FD3F72002610FF /* ContentView.swift in Sources */ = {isa = PBXBuildFile; fileRef = 7425F10129FD3F72002610FF /* ContentView.swift */; };
		7425F10429FD3F73002610FF /* Assets.xcassets in Resources */ = {isa = PBXBuildFile; fileRef = 7425F10329FD3F73002610FF /* Assets.xcassets */; };
		7425F10829FD3F73002610FF /* Preview Assets.xcassets in Resources */ = {isa = PBXBuildFile; fileRef = 7425F10729FD3F73002610FF /* Preview Assets.xcassets */; };
		7425F11729FD400A002610FF /* FeedView.swift in Sources */ = {isa = PBXBuildFile; fileRef = 7425F11629FD400A002610FF /* FeedView.swift */; };
		7425F11929FD4024002610FF /* TweetRowView.swift in Sources */ = {isa = PBXBuildFile; fileRef = 7425F11829FD4024002610FF /* TweetRowView.swift */; };
		7425F11C29FD4344002610FF /* MainTabView.swift in Sources */ = {isa = PBXBuildFile; fileRef = 7425F11B29FD4344002610FF /* MainTabView.swift */; };
		7425F12229FD43EA002610FF /* ExploreView.swift in Sources */ = {isa = PBXBuildFile; fileRef = 7425F12129FD43EA002610FF /* ExploreView.swift */; };
		7425F12429FD43F8002610FF /* NotificationsView.swift in Sources */ = {isa = PBXBuildFile; fileRef = 7425F12329FD43F8002610FF /* NotificationsView.swift */; };
		7425F12629FD4404002610FF /* MessagesView.swift in Sources */ = {isa = PBXBuildFile; fileRef = 7425F12529FD4404002610FF /* MessagesView.swift */; };
		7425F12A29FD44BE002610FF /* ProfileView.swift in Sources */ = {isa = PBXBuildFile; fileRef = 7425F12929FD44BE002610FF /* ProfileView.swift */; };
		7425F12C29FD48FF002610FF /* TwitterFilterViewModel.swift in Sources */ = {isa = PBXBuildFile; fileRef = 7425F12B29FD48FF002610FF /* TwitterFilterViewModel.swift */; };
		7425F13229FD4C44002610FF /* UserRowView.swift in Sources */ = {isa = PBXBuildFile; fileRef = 7425F13129FD4C44002610FF /* UserRowView.swift */; };
		7425F13729FD4FDA002610FF /* SideMenuView.swift in Sources */ = {isa = PBXBuildFile; fileRef = 7425F13629FD4FDA002610FF /* SideMenuView.swift */; };
		7425F13929FD4FEB002610FF /* SideMenuRowView.swift in Sources */ = {isa = PBXBuildFile; fileRef = 7425F13829FD4FEB002610FF /* SideMenuRowView.swift */; };
		7425F13B29FD4FFA002610FF /* SideMenuViewModel.swift in Sources */ = {isa = PBXBuildFile; fileRef = 7425F13A29FD4FFA002610FF /* SideMenuViewModel.swift */; };
		7425F13D29FD5146002610FF /* UserStatsView.swift in Sources */ = {isa = PBXBuildFile; fileRef = 7425F13C29FD5146002610FF /* UserStatsView.swift */; };
		7425F13F29FD5AA2002610FF /* SideMenuOptionRowView.swift in Sources */ = {isa = PBXBuildFile; fileRef = 7425F13E29FD5AA2002610FF /* SideMenuOptionRowView.swift */; };
		7425F14429FD71E5002610FF /* NewTweetView.swift in Sources */ = {isa = PBXBuildFile; fileRef = 7425F14329FD71E5002610FF /* NewTweetView.swift */; };
		7425F14629FD72E4002610FF /* TextArea.swift in Sources */ = {isa = PBXBuildFile; fileRef = 7425F14529FD72E4002610FF /* TextArea.swift */; };
		7425F14B29FE3519002610FF /* RegistrationView.swift in Sources */ = {isa = PBXBuildFile; fileRef = 7425F14A29FE3519002610FF /* RegistrationView.swift */; };
		7425F14D29FE3521002610FF /* LoginView.swift in Sources */ = {isa = PBXBuildFile; fileRef = 7425F14C29FE3521002610FF /* LoginView.swift */; };
		7425F14F29FE35F2002610FF /* RoundedShape.swift in Sources */ = {isa = PBXBuildFile; fileRef = 7425F14E29FE35F2002610FF /* RoundedShape.swift */; };
		7425F15129FE3944002610FF /* CustomInputField.swift in Sources */ = {isa = PBXBuildFile; fileRef = 7425F15029FE3944002610FF /* CustomInputField.swift */; };
		7425F15429FE3ABF002610FF /* AuthenticationHeaderView.swift in Sources */ = {isa = PBXBuildFile; fileRef = 7425F15329FE3ABF002610FF /* AuthenticationHeaderView.swift */; };
		7425F15629FE4C11002610FF /* GoogleService-Info.plist in Resources */ = {isa = PBXBuildFile; fileRef = 7425F15529FE4C11002610FF /* GoogleService-Info.plist */; };
		7425F15929FE4CF5002610FF /* FirebaseAuth in Frameworks */ = {isa = PBXBuildFile; productRef = 7425F15829FE4CF5002610FF /* FirebaseAuth */; };
		7425F15B29FE4CF5002610FF /* FirebaseFirestore in Frameworks */ = {isa = PBXBuildFile; productRef = 7425F15A29FE4CF5002610FF /* FirebaseFirestore */; };
		7425F15D29FE4CF5002610FF /* FirebaseFirestoreSwift in Frameworks */ = {isa = PBXBuildFile; productRef = 7425F15C29FE4CF5002610FF /* FirebaseFirestoreSwift */; };
		7425F15F29FE4CF5002610FF /* FirebaseStorage in Frameworks */ = {isa = PBXBuildFile; productRef = 7425F15E29FE4CF5002610FF /* FirebaseStorage */; };
		7425F16129FE4DF0002610FF /* AuthViewModel.swift in Sources */ = {isa = PBXBuildFile; fileRef = 7425F16029FE4DF0002610FF /* AuthViewModel.swift */; };
		7425F16329FE54F1002610FF /* ProfilePhotoSelectView.swift in Sources */ = {isa = PBXBuildFile; fileRef = 7425F16229FE54F1002610FF /* ProfilePhotoSelectView.swift */; };
		74992B512A011CCD008D7A09 /* ImageUploader.swift in Sources */ = {isa = PBXBuildFile; fileRef = 74992B502A011CCD008D7A09 /* ImageUploader.swift */; };
		74992B532A012F16008D7A09 /* UserService.swift in Sources */ = {isa = PBXBuildFile; fileRef = 74992B522A012F16008D7A09 /* UserService.swift */; };
		74992B552A0130CF008D7A09 /* User.swift in Sources */ = {isa = PBXBuildFile; fileRef = 74992B542A0130CF008D7A09 /* User.swift */; };
		74992B572A015EC3008D7A09 /* LoadableImage.swift in Sources */ = {isa = PBXBuildFile; fileRef = 74992B562A015EC3008D7A09 /* LoadableImage.swift */; };
		74992B592A023F8C008D7A09 /* ExploreViewModel.swift in Sources */ = {isa = PBXBuildFile; fileRef = 74992B582A023F8C008D7A09 /* ExploreViewModel.swift */; };
		74992B5B2A024353008D7A09 /* SearchBar.swift in Sources */ = {isa = PBXBuildFile; fileRef = 74992B5A2A024353008D7A09 /* SearchBar.swift */; };
		74992B5D2A024B50008D7A09 /* TweetService.swift in Sources */ = {isa = PBXBuildFile; fileRef = 74992B5C2A024B50008D7A09 /* TweetService.swift */; };
		74992B5F2A024C57008D7A09 /* NewTweetViewModel.swift in Sources */ = {isa = PBXBuildFile; fileRef = 74992B5E2A024C57008D7A09 /* NewTweetViewModel.swift */; };
		74992B612A024EC2008D7A09 /* FeedViewModel.swift in Sources */ = {isa = PBXBuildFile; fileRef = 74992B602A024EC2008D7A09 /* FeedViewModel.swift */; };
		74992B632A024F49008D7A09 /* Tweet.swift in Sources */ = {isa = PBXBuildFile; fileRef = 74992B622A024F49008D7A09 /* Tweet.swift */; };
		74992B652A0259AF008D7A09 /* ProfileViewModel.swift in Sources */ = {isa = PBXBuildFile; fileRef = 74992B642A0259AF008D7A09 /* ProfileViewModel.swift */; };
		74992B692A025D5F008D7A09 /* TweetRowViewModel.swift in Sources */ = {isa = PBXBuildFile; fileRef = 74992B682A025D5F008D7A09 /* TweetRowViewModel.swift */; };
/* End PBXBuildFile section */

/* Begin PBXFileReference section */
		7425F0FC29FD3F72002610FF /* TwitterClone.app */ = {isa = PBXFileReference; explicitFileType = wrapper.application; includeInIndex = 0; path = TwitterClone.app; sourceTree = BUILT_PRODUCTS_DIR; };
		7425F0FF29FD3F72002610FF /* TwitterCloneApp.swift */ = {isa = PBXFileReference; lastKnownFileType = sourcecode.swift; path = TwitterCloneApp.swift; sourceTree = "<group>"; };
		7425F10129FD3F72002610FF /* ContentView.swift */ = {isa = PBXFileReference; lastKnownFileType = sourcecode.swift; path = ContentView.swift; sourceTree = "<group>"; };
		7425F10329FD3F73002610FF /* Assets.xcassets */ = {isa = PBXFileReference; lastKnownFileType = folder.assetcatalog; path = Assets.xcassets; sourceTree = "<group>"; };
		7425F10529FD3F73002610FF /* TwitterClone.entitlements */ = {isa = PBXFileReference; lastKnownFileType = text.plist.entitlements; path = TwitterClone.entitlements; sourceTree = "<group>"; };
		7425F10729FD3F73002610FF /* Preview Assets.xcassets */ = {isa = PBXFileReference; lastKnownFileType = folder.assetcatalog; path = "Preview Assets.xcassets"; sourceTree = "<group>"; };
		7425F11629FD400A002610FF /* FeedView.swift */ = {isa = PBXFileReference; lastKnownFileType = sourcecode.swift; path = FeedView.swift; sourceTree = "<group>"; };
		7425F11829FD4024002610FF /* TweetRowView.swift */ = {isa = PBXFileReference; lastKnownFileType = sourcecode.swift; path = TweetRowView.swift; sourceTree = "<group>"; };
		7425F11B29FD4344002610FF /* MainTabView.swift */ = {isa = PBXFileReference; lastKnownFileType = sourcecode.swift; path = MainTabView.swift; sourceTree = "<group>"; };
		7425F12129FD43EA002610FF /* ExploreView.swift */ = {isa = PBXFileReference; lastKnownFileType = sourcecode.swift; path = ExploreView.swift; sourceTree = "<group>"; };
		7425F12329FD43F8002610FF /* NotificationsView.swift */ = {isa = PBXFileReference; lastKnownFileType = sourcecode.swift; path = NotificationsView.swift; sourceTree = "<group>"; };
		7425F12529FD4404002610FF /* MessagesView.swift */ = {isa = PBXFileReference; lastKnownFileType = sourcecode.swift; path = MessagesView.swift; sourceTree = "<group>"; };
		7425F12929FD44BE002610FF /* ProfileView.swift */ = {isa = PBXFileReference; lastKnownFileType = sourcecode.swift; path = ProfileView.swift; sourceTree = "<group>"; };
		7425F12B29FD48FF002610FF /* TwitterFilterViewModel.swift */ = {isa = PBXFileReference; lastKnownFileType = sourcecode.swift; path = TwitterFilterViewModel.swift; sourceTree = "<group>"; };
		7425F13129FD4C44002610FF /* UserRowView.swift */ = {isa = PBXFileReference; lastKnownFileType = sourcecode.swift; path = UserRowView.swift; sourceTree = "<group>"; };
		7425F13629FD4FDA002610FF /* SideMenuView.swift */ = {isa = PBXFileReference; lastKnownFileType = sourcecode.swift; path = SideMenuView.swift; sourceTree = "<group>"; };
		7425F13829FD4FEB002610FF /* SideMenuRowView.swift */ = {isa = PBXFileReference; lastKnownFileType = sourcecode.swift; path = SideMenuRowView.swift; sourceTree = "<group>"; };
		7425F13A29FD4FFA002610FF /* SideMenuViewModel.swift */ = {isa = PBXFileReference; lastKnownFileType = sourcecode.swift; path = SideMenuViewModel.swift; sourceTree = "<group>"; };
		7425F13C29FD5146002610FF /* UserStatsView.swift */ = {isa = PBXFileReference; lastKnownFileType = sourcecode.swift; path = UserStatsView.swift; sourceTree = "<group>"; };
		7425F13E29FD5AA2002610FF /* SideMenuOptionRowView.swift */ = {isa = PBXFileReference; lastKnownFileType = sourcecode.swift; path = SideMenuOptionRowView.swift; sourceTree = "<group>"; };
		7425F14329FD71E5002610FF /* NewTweetView.swift */ = {isa = PBXFileReference; lastKnownFileType = sourcecode.swift; path = NewTweetView.swift; sourceTree = "<group>"; };
		7425F14529FD72E4002610FF /* TextArea.swift */ = {isa = PBXFileReference; lastKnownFileType = sourcecode.swift; path = TextArea.swift; sourceTree = "<group>"; };
		7425F14A29FE3519002610FF /* RegistrationView.swift */ = {isa = PBXFileReference; lastKnownFileType = sourcecode.swift; path = RegistrationView.swift; sourceTree = "<group>"; };
		7425F14C29FE3521002610FF /* LoginView.swift */ = {isa = PBXFileReference; lastKnownFileType = sourcecode.swift; path = LoginView.swift; sourceTree = "<group>"; };
		7425F14E29FE35F2002610FF /* RoundedShape.swift */ = {isa = PBXFileReference; lastKnownFileType = sourcecode.swift; path = RoundedShape.swift; sourceTree = "<group>"; };
		7425F15029FE3944002610FF /* CustomInputField.swift */ = {isa = PBXFileReference; lastKnownFileType = sourcecode.swift; path = CustomInputField.swift; sourceTree = "<group>"; };
		7425F15329FE3ABF002610FF /* AuthenticationHeaderView.swift */ = {isa = PBXFileReference; lastKnownFileType = sourcecode.swift; path = AuthenticationHeaderView.swift; sourceTree = "<group>"; };
		7425F15529FE4C11002610FF /* GoogleService-Info.plist */ = {isa = PBXFileReference; fileEncoding = 4; lastKnownFileType = text.plist.xml; path = "GoogleService-Info.plist"; sourceTree = "<group>"; };
		7425F16029FE4DF0002610FF /* AuthViewModel.swift */ = {isa = PBXFileReference; lastKnownFileType = sourcecode.swift; path = AuthViewModel.swift; sourceTree = "<group>"; };
		7425F16229FE54F1002610FF /* ProfilePhotoSelectView.swift */ = {isa = PBXFileReference; lastKnownFileType = sourcecode.swift; path = ProfilePhotoSelectView.swift; sourceTree = "<group>"; };
		74992B502A011CCD008D7A09 /* ImageUploader.swift */ = {isa = PBXFileReference; lastKnownFileType = sourcecode.swift; path = ImageUploader.swift; sourceTree = "<group>"; };
		74992B522A012F16008D7A09 /* UserService.swift */ = {isa = PBXFileReference; lastKnownFileType = sourcecode.swift; path = UserService.swift; sourceTree = "<group>"; };
		74992B542A0130CF008D7A09 /* User.swift */ = {isa = PBXFileReference; lastKnownFileType = sourcecode.swift; path = User.swift; sourceTree = "<group>"; };
		74992B562A015EC3008D7A09 /* LoadableImage.swift */ = {isa = PBXFileReference; lastKnownFileType = sourcecode.swift; path = LoadableImage.swift; sourceTree = "<group>"; };
		74992B582A023F8C008D7A09 /* ExploreViewModel.swift */ = {isa = PBXFileReference; lastKnownFileType = sourcecode.swift; path = ExploreViewModel.swift; sourceTree = "<group>"; };
		74992B5A2A024353008D7A09 /* SearchBar.swift */ = {isa = PBXFileReference; lastKnownFileType = sourcecode.swift; path = SearchBar.swift; sourceTree = "<group>"; };
		74992B5C2A024B50008D7A09 /* TweetService.swift */ = {isa = PBXFileReference; lastKnownFileType = sourcecode.swift; path = TweetService.swift; sourceTree = "<group>"; };
		74992B5E2A024C57008D7A09 /* NewTweetViewModel.swift */ = {isa = PBXFileReference; lastKnownFileType = sourcecode.swift; path = NewTweetViewModel.swift; sourceTree = "<group>"; };
		74992B602A024EC2008D7A09 /* FeedViewModel.swift */ = {isa = PBXFileReference; lastKnownFileType = sourcecode.swift; path = FeedViewModel.swift; sourceTree = "<group>"; };
		74992B622A024F49008D7A09 /* Tweet.swift */ = {isa = PBXFileReference; lastKnownFileType = sourcecode.swift; path = Tweet.swift; sourceTree = "<group>"; };
		74992B642A0259AF008D7A09 /* ProfileViewModel.swift */ = {isa = PBXFileReference; lastKnownFileType = sourcecode.swift; path = ProfileViewModel.swift; sourceTree = "<group>"; };
		74992B682A025D5F008D7A09 /* TweetRowViewModel.swift */ = {isa = PBXFileReference; lastKnownFileType = sourcecode.swift; path = TweetRowViewModel.swift; sourceTree = "<group>"; };
/* End PBXFileReference section */

/* Begin PBXFrameworksBuildPhase section */
		7425F0F929FD3F72002610FF /* Frameworks */ = {
			isa = PBXFrameworksBuildPhase;
			buildActionMask = 2147483647;
			files = (
				7425F15929FE4CF5002610FF /* FirebaseAuth in Frameworks */,
				7425F15F29FE4CF5002610FF /* FirebaseStorage in Frameworks */,
				7425F15B29FE4CF5002610FF /* FirebaseFirestore in Frameworks */,
				7425F15D29FE4CF5002610FF /* FirebaseFirestoreSwift in Frameworks */,
			);
			runOnlyForDeploymentPostprocessing = 0;
		};
/* End PBXFrameworksBuildPhase section */

/* Begin PBXGroup section */
		7425F0F329FD3F72002610FF = {
			isa = PBXGroup;
			children = (
				7425F0FE29FD3F72002610FF /* TwitterClone */,
				7425F0FD29FD3F72002610FF /* Products */,
			);
			sourceTree = "<group>";
		};
		7425F0FD29FD3F72002610FF /* Products */ = {
			isa = PBXGroup;
			children = (
				7425F0FC29FD3F72002610FF /* TwitterClone.app */,
			);
			name = Products;
			sourceTree = "<group>";
		};
		7425F0FE29FD3F72002610FF /* TwitterClone */ = {
			isa = PBXGroup;
			children = (
				7425F11129FD3FB6002610FF /* Extensions */,
				7425F11029FD3FB5002610FF /* Model */,
				7425F10F29FD3FB4002610FF /* Service */,
				7425F10E29FD3FB3002610FF /* Core */,
				7425F0FF29FD3F72002610FF /* TwitterCloneApp.swift */,
				7425F10129FD3F72002610FF /* ContentView.swift */,
				7425F10329FD3F73002610FF /* Assets.xcassets */,
				7425F10529FD3F73002610FF /* TwitterClone.entitlements */,
				7425F15529FE4C11002610FF /* GoogleService-Info.plist */,
				7425F10629FD3F73002610FF /* Preview Content */,
			);
			path = TwitterClone;
			sourceTree = "<group>";
		};
		7425F10629FD3F73002610FF /* Preview Content */ = {
			isa = PBXGroup;
			children = (
				7425F10729FD3F73002610FF /* Preview Assets.xcassets */,
			);
			path = "Preview Content";
			sourceTree = "<group>";
		};
		7425F10E29FD3FB3002610FF /* Core */ = {
			isa = PBXGroup;
			children = (
				7425F14729FE34FE002610FF /* Authentication */,
				7425F14029FD71C9002610FF /* UploadTweet */,
				7425F13329FD4FC6002610FF /* SideMenu */,
				7425F11229FD3FDD002610FF /* Components */,
				7425F12029FD43C3002610FF /* Profile */,
				7425F11329FD3FEA002610FF /* Feed */,
				7425F11F29FD43BD002610FF /* Messages */,
				7425F11E29FD43B8002610FF /* Notifications */,
				7425F11D29FD43B4002610FF /* Explore */,
				7425F11A29FD4334002610FF /* MainTab */,
			);
			path = Core;
			sourceTree = "<group>";
		};
		7425F10F29FD3FB4002610FF /* Service */ = {
			isa = PBXGroup;
			children = (
				74992B502A011CCD008D7A09 /* ImageUploader.swift */,
				74992B522A012F16008D7A09 /* UserService.swift */,
				74992B5C2A024B50008D7A09 /* TweetService.swift */,
			);
			path = Service;
			sourceTree = "<group>";
		};
		7425F11029FD3FB5002610FF /* Model */ = {
			isa = PBXGroup;
			children = (
				74992B542A0130CF008D7A09 /* User.swift */,
				74992B622A024F49008D7A09 /* Tweet.swift */,
			);
			path = Model;
			sourceTree = "<group>";
		};
		7425F11129FD3FB6002610FF /* Extensions */ = {
			isa = PBXGroup;
			children = (
			);
			path = Extensions;
			sourceTree = "<group>";
		};
		7425F11229FD3FDD002610FF /* Components */ = {
			isa = PBXGroup;
			children = (
				7425F15229FE3AB1002610FF /* Authentication */,
				7425F13029FD4C3B002610FF /* Users */,
				7425F12F29FD4C26002610FF /* Tweets */,
				7425F14E29FE35F2002610FF /* RoundedShape.swift */,
				7425F14529FD72E4002610FF /* TextArea.swift */,
				7425F15029FE3944002610FF /* CustomInputField.swift */,
				74992B562A015EC3008D7A09 /* LoadableImage.swift */,
				74992B5A2A024353008D7A09 /* SearchBar.swift */,
			);
			path = Components;
			sourceTree = "<group>";
		};
		7425F11329FD3FEA002610FF /* Feed */ = {
			isa = PBXGroup;
			children = (
				7425F11529FD3FFF002610FF /* View */,
				7425F11429FD3FFB002610FF /* ViewModel */,
			);
			path = Feed;
			sourceTree = "<group>";
		};
		7425F11429FD3FFB002610FF /* ViewModel */ = {
			isa = PBXGroup;
			children = (
				74992B602A024EC2008D7A09 /* FeedViewModel.swift */,
			);
			path = ViewModel;
			sourceTree = "<group>";
		};
		7425F11529FD3FFF002610FF /* View */ = {
			isa = PBXGroup;
			children = (
				7425F11629FD400A002610FF /* FeedView.swift */,
			);
			path = View;
			sourceTree = "<group>";
		};
		7425F11A29FD4334002610FF /* MainTab */ = {
			isa = PBXGroup;
			children = (
				7425F11B29FD4344002610FF /* MainTabView.swift */,
			);
			path = MainTab;
			sourceTree = "<group>";
		};
		7425F11D29FD43B4002610FF /* Explore */ = {
			isa = PBXGroup;
			children = (
				7425F12E29FD4C13002610FF /* ViewModels */,
				7425F12D29FD4C0E002610FF /* Views */,
			);
			path = Explore;
			sourceTree = "<group>";
		};
		7425F11E29FD43B8002610FF /* Notifications */ = {
			isa = PBXGroup;
			children = (
				7425F12329FD43F8002610FF /* NotificationsView.swift */,
			);
			path = Notifications;
			sourceTree = "<group>";
		};
		7425F11F29FD43BD002610FF /* Messages */ = {
			isa = PBXGroup;
			children = (
				7425F12529FD4404002610FF /* MessagesView.swift */,
			);
			path = Messages;
			sourceTree = "<group>";
		};
		7425F12029FD43C3002610FF /* Profile */ = {
			isa = PBXGroup;
			children = (
				7425F12829FD44B2002610FF /* ViewModels */,
				7425F12729FD44AE002610FF /* Views */,
			);
			path = Profile;
			sourceTree = "<group>";
		};
		7425F12729FD44AE002610FF /* Views */ = {
			isa = PBXGroup;
			children = (
				7425F12929FD44BE002610FF /* ProfileView.swift */,
			);
			path = Views;
			sourceTree = "<group>";
		};
		7425F12829FD44B2002610FF /* ViewModels */ = {
			isa = PBXGroup;
			children = (
				7425F12B29FD48FF002610FF /* TwitterFilterViewModel.swift */,
				74992B642A0259AF008D7A09 /* ProfileViewModel.swift */,
			);
			path = ViewModels;
			sourceTree = "<group>";
		};
		7425F12D29FD4C0E002610FF /* Views */ = {
			isa = PBXGroup;
			children = (
				7425F12129FD43EA002610FF /* ExploreView.swift */,
			);
			path = Views;
			sourceTree = "<group>";
		};
		7425F12E29FD4C13002610FF /* ViewModels */ = {
			isa = PBXGroup;
			children = (
				74992B582A023F8C008D7A09 /* ExploreViewModel.swift */,
			);
			path = ViewModels;
			sourceTree = "<group>";
		};
		7425F12F29FD4C26002610FF /* Tweets */ = {
			isa = PBXGroup;
			children = (
				74992B672A025D52008D7A09 /* ViewModel */,
				74992B662A025D4F008D7A09 /* Views */,
			);
			path = Tweets;
			sourceTree = "<group>";
		};
		7425F13029FD4C3B002610FF /* Users */ = {
			isa = PBXGroup;
			children = (
				7425F13129FD4C44002610FF /* UserRowView.swift */,
				7425F13C29FD5146002610FF /* UserStatsView.swift */,
			);
			path = Users;
			sourceTree = "<group>";
		};
		7425F13329FD4FC6002610FF /* SideMenu */ = {
			isa = PBXGroup;
			children = (
				7425F13529FD4FD2002610FF /* Views */,
				7425F13429FD4FCE002610FF /* ViewModel */,
			);
			path = SideMenu;
			sourceTree = "<group>";
		};
		7425F13429FD4FCE002610FF /* ViewModel */ = {
			isa = PBXGroup;
			children = (
				7425F13A29FD4FFA002610FF /* SideMenuViewModel.swift */,
			);
			path = ViewModel;
			sourceTree = "<group>";
		};
		7425F13529FD4FD2002610FF /* Views */ = {
			isa = PBXGroup;
			children = (
				7425F13629FD4FDA002610FF /* SideMenuView.swift */,
				7425F13829FD4FEB002610FF /* SideMenuRowView.swift */,
				7425F13E29FD5AA2002610FF /* SideMenuOptionRowView.swift */,
			);
			path = Views;
			sourceTree = "<group>";
		};
		7425F14029FD71C9002610FF /* UploadTweet */ = {
			isa = PBXGroup;
			children = (
				7425F14229FD71D8002610FF /* Views */,
				7425F14129FD71D1002610FF /* ViewModels */,
			);
			path = UploadTweet;
			sourceTree = "<group>";
		};
		7425F14129FD71D1002610FF /* ViewModels */ = {
			isa = PBXGroup;
			children = (
				74992B5E2A024C57008D7A09 /* NewTweetViewModel.swift */,
			);
			path = ViewModels;
			sourceTree = "<group>";
		};
		7425F14229FD71D8002610FF /* Views */ = {
			isa = PBXGroup;
			children = (
				7425F14329FD71E5002610FF /* NewTweetView.swift */,
			);
			path = Views;
			sourceTree = "<group>";
		};
		7425F14729FE34FE002610FF /* Authentication */ = {
			isa = PBXGroup;
			children = (
				7425F14929FE3508002610FF /* ViewModels */,
				7425F14829FE3506002610FF /* Views */,
			);
			path = Authentication;
			sourceTree = "<group>";
		};
		7425F14829FE3506002610FF /* Views */ = {
			isa = PBXGroup;
			children = (
				7425F14A29FE3519002610FF /* RegistrationView.swift */,
				7425F14C29FE3521002610FF /* LoginView.swift */,
				7425F16229FE54F1002610FF /* ProfilePhotoSelectView.swift */,
			);
			path = Views;
			sourceTree = "<group>";
		};
		7425F14929FE3508002610FF /* ViewModels */ = {
			isa = PBXGroup;
			children = (
				7425F16029FE4DF0002610FF /* AuthViewModel.swift */,
			);
			path = ViewModels;
			sourceTree = "<group>";
		};
		7425F15229FE3AB1002610FF /* Authentication */ = {
			isa = PBXGroup;
			children = (
				7425F15329FE3ABF002610FF /* AuthenticationHeaderView.swift */,
			);
			path = Authentication;
			sourceTree = "<group>";
		};
		74992B662A025D4F008D7A09 /* Views */ = {
			isa = PBXGroup;
			children = (
				7425F11829FD4024002610FF /* TweetRowView.swift */,
			);
			path = Views;
			sourceTree = "<group>";
		};
		74992B672A025D52008D7A09 /* ViewModel */ = {
			isa = PBXGroup;
			children = (
				74992B682A025D5F008D7A09 /* TweetRowViewModel.swift */,
			);
			path = ViewModel;
			sourceTree = "<group>";
		};
/* End PBXGroup section */

/* Begin PBXNativeTarget section */
		7425F0FB29FD3F72002610FF /* TwitterClone */ = {
			isa = PBXNativeTarget;
			buildConfigurationList = 7425F10B29FD3F73002610FF /* Build configuration list for PBXNativeTarget "TwitterClone" */;
			buildPhases = (
				7425F0F829FD3F72002610FF /* Sources */,
				7425F0F929FD3F72002610FF /* Frameworks */,
				7425F0FA29FD3F72002610FF /* Resources */,
			);
			buildRules = (
			);
			dependencies = (
			);
			name = TwitterClone;
			packageProductDependencies = (
				7425F15829FE4CF5002610FF /* FirebaseAuth */,
				7425F15A29FE4CF5002610FF /* FirebaseFirestore */,
				7425F15C29FE4CF5002610FF /* FirebaseFirestoreSwift */,
				7425F15E29FE4CF5002610FF /* FirebaseStorage */,
			);
			productName = TwitterClone;
			productReference = 7425F0FC29FD3F72002610FF /* TwitterClone.app */;
			productType = "com.apple.product-type.application";
		};
/* End PBXNativeTarget section */

/* Begin PBXProject section */
		7425F0F429FD3F72002610FF /* Project object */ = {
			isa = PBXProject;
			attributes = {
				BuildIndependentTargetsInParallel = 1;
				LastSwiftUpdateCheck = 1430;
				LastUpgradeCheck = 1430;
				TargetAttributes = {
					7425F0FB29FD3F72002610FF = {
						CreatedOnToolsVersion = 14.3;
					};
				};
			};
			buildConfigurationList = 7425F0F729FD3F72002610FF /* Build configuration list for PBXProject "TwitterClone" */;
			compatibilityVersion = "Xcode 14.0";
			developmentRegion = en;
			hasScannedForEncodings = 0;
			knownRegions = (
				en,
				Base,
			);
			mainGroup = 7425F0F329FD3F72002610FF;
			packageReferences = (
				7425F15729FE4CF5002610FF /* XCRemoteSwiftPackageReference "firebase-ios-sdk" */,
			);
			productRefGroup = 7425F0FD29FD3F72002610FF /* Products */;
			projectDirPath = "";
			projectRoot = "";
			targets = (
				7425F0FB29FD3F72002610FF /* TwitterClone */,
			);
		};
/* End PBXProject section */

/* Begin PBXResourcesBuildPhase section */
		7425F0FA29FD3F72002610FF /* Resources */ = {
			isa = PBXResourcesBuildPhase;
			buildActionMask = 2147483647;
			files = (
				7425F10829FD3F73002610FF /* Preview Assets.xcassets in Resources */,
				7425F10429FD3F73002610FF /* Assets.xcassets in Resources */,
				7425F15629FE4C11002610FF /* GoogleService-Info.plist in Resources */,
			);
			runOnlyForDeploymentPostprocessing = 0;
		};
/* End PBXResourcesBuildPhase section */

/* Begin PBXSourcesBuildPhase section */
		7425F0F829FD3F72002610FF /* Sources */ = {
			isa = PBXSourcesBuildPhase;
			buildActionMask = 2147483647;
			files = (
				7425F12C29FD48FF002610FF /* TwitterFilterViewModel.swift in Sources */,
				7425F12629FD4404002610FF /* MessagesView.swift in Sources */,
				74992B572A015EC3008D7A09 /* LoadableImage.swift in Sources */,
				74992B532A012F16008D7A09 /* UserService.swift in Sources */,
				7425F12A29FD44BE002610FF /* ProfileView.swift in Sources */,
				7425F13929FD4FEB002610FF /* SideMenuRowView.swift in Sources */,
				74992B5B2A024353008D7A09 /* SearchBar.swift in Sources */,
				74992B5D2A024B50008D7A09 /* TweetService.swift in Sources */,
				74992B592A023F8C008D7A09 /* ExploreViewModel.swift in Sources */,
				7425F15429FE3ABF002610FF /* AuthenticationHeaderView.swift in Sources */,
				74992B512A011CCD008D7A09 /* ImageUploader.swift in Sources */,
				74992B692A025D5F008D7A09 /* TweetRowViewModel.swift in Sources */,
				7425F10229FD3F72002610FF /* ContentView.swift in Sources */,
				7425F11729FD400A002610FF /* FeedView.swift in Sources */,
				7425F15129FE3944002610FF /* CustomInputField.swift in Sources */,
				74992B5F2A024C57008D7A09 /* NewTweetViewModel.swift in Sources */,
				7425F10029FD3F72002610FF /* TwitterCloneApp.swift in Sources */,
				7425F14629FD72E4002610FF /* TextArea.swift in Sources */,
				7425F13729FD4FDA002610FF /* SideMenuView.swift in Sources */,
				74992B612A024EC2008D7A09 /* FeedViewModel.swift in Sources */,
				7425F11929FD4024002610FF /* TweetRowView.swift in Sources */,
				7425F14429FD71E5002610FF /* NewTweetView.swift in Sources */,
				7425F12229FD43EA002610FF /* ExploreView.swift in Sources */,
				7425F13B29FD4FFA002610FF /* SideMenuViewModel.swift in Sources */,
				7425F14B29FE3519002610FF /* RegistrationView.swift in Sources */,
				7425F16329FE54F1002610FF /* ProfilePhotoSelectView.swift in Sources */,
				7425F14F29FE35F2002610FF /* RoundedShape.swift in Sources */,
				74992B552A0130CF008D7A09 /* User.swift in Sources */,
				7425F13229FD4C44002610FF /* UserRowView.swift in Sources */,
				7425F13F29FD5AA2002610FF /* SideMenuOptionRowView.swift in Sources */,
				7425F11C29FD4344002610FF /* MainTabView.swift in Sources */,
				74992B652A0259AF008D7A09 /* ProfileViewModel.swift in Sources */,
				7425F16129FE4DF0002610FF /* AuthViewModel.swift in Sources */,
				74992B632A024F49008D7A09 /* Tweet.swift in Sources */,
				7425F12429FD43F8002610FF /* NotificationsView.swift in Sources */,
				7425F14D29FE3521002610FF /* LoginView.swift in Sources */,
				7425F13D29FD5146002610FF /* UserStatsView.swift in Sources */,
			);
			runOnlyForDeploymentPostprocessing = 0;
		};
/* End PBXSourcesBuildPhase section */

/* Begin XCBuildConfiguration section */
		7425F10929FD3F73002610FF /* Debug */ = {
			isa = XCBuildConfiguration;
			buildSettings = {
				ALWAYS_SEARCH_USER_PATHS = NO;
				CLANG_ANALYZER_NONNULL = YES;
				CLANG_ANALYZER_NUMBER_OBJECT_CONVERSION = YES_AGGRESSIVE;
				CLANG_CXX_LANGUAGE_STANDARD = "gnu++20";
				CLANG_ENABLE_MODULES = YES;
				CLANG_ENABLE_OBJC_ARC = YES;
				CLANG_ENABLE_OBJC_WEAK = YES;
				CLANG_WARN_BLOCK_CAPTURE_AUTORELEASING = YES;
				CLANG_WARN_BOOL_CONVERSION = YES;
				CLANG_WARN_COMMA = YES;
				CLANG_WARN_CONSTANT_CONVERSION = YES;
				CLANG_WARN_DEPRECATED_OBJC_IMPLEMENTATIONS = YES;
				CLANG_WARN_DIRECT_OBJC_ISA_USAGE = YES_ERROR;
				CLANG_WARN_DOCUMENTATION_COMMENTS = YES;
				CLANG_WARN_EMPTY_BODY = YES;
				CLANG_WARN_ENUM_CONVERSION = YES;
				CLANG_WARN_INFINITE_RECURSION = YES;
				CLANG_WARN_INT_CONVERSION = YES;
				CLANG_WARN_NON_LITERAL_NULL_CONVERSION = YES;
				CLANG_WARN_OBJC_IMPLICIT_RETAIN_SELF = YES;
				CLANG_WARN_OBJC_LITERAL_CONVERSION = YES;
				CLANG_WARN_OBJC_ROOT_CLASS = YES_ERROR;
				CLANG_WARN_QUOTED_INCLUDE_IN_FRAMEWORK_HEADER = YES;
				CLANG_WARN_RANGE_LOOP_ANALYSIS = YES;
				CLANG_WARN_STRICT_PROTOTYPES = YES;
				CLANG_WARN_SUSPICIOUS_MOVE = YES;
				CLANG_WARN_UNGUARDED_AVAILABILITY = YES_AGGRESSIVE;
				CLANG_WARN_UNREACHABLE_CODE = YES;
				CLANG_WARN__DUPLICATE_METHOD_MATCH = YES;
				COPY_PHASE_STRIP = NO;
				DEBUG_INFORMATION_FORMAT = dwarf;
				ENABLE_STRICT_OBJC_MSGSEND = YES;
				ENABLE_TESTABILITY = YES;
				GCC_C_LANGUAGE_STANDARD = gnu11;
				GCC_DYNAMIC_NO_PIC = NO;
				GCC_NO_COMMON_BLOCKS = YES;
				GCC_OPTIMIZATION_LEVEL = 0;
				GCC_PREPROCESSOR_DEFINITIONS = (
					"DEBUG=1",
					"$(inherited)",
				);
				GCC_WARN_64_TO_32_BIT_CONVERSION = YES;
				GCC_WARN_ABOUT_RETURN_TYPE = YES_ERROR;
				GCC_WARN_UNDECLARED_SELECTOR = YES;
				GCC_WARN_UNINITIALIZED_AUTOS = YES_AGGRESSIVE;
				GCC_WARN_UNUSED_FUNCTION = YES;
				GCC_WARN_UNUSED_VARIABLE = YES;
				MTL_ENABLE_DEBUG_INFO = INCLUDE_SOURCE;
				MTL_FAST_MATH = YES;
				ONLY_ACTIVE_ARCH = YES;
				SWIFT_ACTIVE_COMPILATION_CONDITIONS = DEBUG;
				SWIFT_OPTIMIZATION_LEVEL = "-Onone";
			};
			name = Debug;
		};
		7425F10A29FD3F73002610FF /* Release */ = {
			isa = XCBuildConfiguration;
			buildSettings = {
				ALWAYS_SEARCH_USER_PATHS = NO;
				CLANG_ANALYZER_NONNULL = YES;
				CLANG_ANALYZER_NUMBER_OBJECT_CONVERSION = YES_AGGRESSIVE;
				CLANG_CXX_LANGUAGE_STANDARD = "gnu++20";
				CLANG_ENABLE_MODULES = YES;
				CLANG_ENABLE_OBJC_ARC = YES;
				CLANG_ENABLE_OBJC_WEAK = YES;
				CLANG_WARN_BLOCK_CAPTURE_AUTORELEASING = YES;
				CLANG_WARN_BOOL_CONVERSION = YES;
				CLANG_WARN_COMMA = YES;
				CLANG_WARN_CONSTANT_CONVERSION = YES;
				CLANG_WARN_DEPRECATED_OBJC_IMPLEMENTATIONS = YES;
				CLANG_WARN_DIRECT_OBJC_ISA_USAGE = YES_ERROR;
				CLANG_WARN_DOCUMENTATION_COMMENTS = YES;
				CLANG_WARN_EMPTY_BODY = YES;
				CLANG_WARN_ENUM_CONVERSION = YES;
				CLANG_WARN_INFINITE_RECURSION = YES;
				CLANG_WARN_INT_CONVERSION = YES;
				CLANG_WARN_NON_LITERAL_NULL_CONVERSION = YES;
				CLANG_WARN_OBJC_IMPLICIT_RETAIN_SELF = YES;
				CLANG_WARN_OBJC_LITERAL_CONVERSION = YES;
				CLANG_WARN_OBJC_ROOT_CLASS = YES_ERROR;
				CLANG_WARN_QUOTED_INCLUDE_IN_FRAMEWORK_HEADER = YES;
				CLANG_WARN_RANGE_LOOP_ANALYSIS = YES;
				CLANG_WARN_STRICT_PROTOTYPES = YES;
				CLANG_WARN_SUSPICIOUS_MOVE = YES;
				CLANG_WARN_UNGUARDED_AVAILABILITY = YES_AGGRESSIVE;
				CLANG_WARN_UNREACHABLE_CODE = YES;
				CLANG_WARN__DUPLICATE_METHOD_MATCH = YES;
				COPY_PHASE_STRIP = NO;
				DEBUG_INFORMATION_FORMAT = "dwarf-with-dsym";
				ENABLE_NS_ASSERTIONS = NO;
				ENABLE_STRICT_OBJC_MSGSEND = YES;
				GCC_C_LANGUAGE_STANDARD = gnu11;
				GCC_NO_COMMON_BLOCKS = YES;
				GCC_WARN_64_TO_32_BIT_CONVERSION = YES;
				GCC_WARN_ABOUT_RETURN_TYPE = YES_ERROR;
				GCC_WARN_UNDECLARED_SELECTOR = YES;
				GCC_WARN_UNINITIALIZED_AUTOS = YES_AGGRESSIVE;
				GCC_WARN_UNUSED_FUNCTION = YES;
				GCC_WARN_UNUSED_VARIABLE = YES;
				MTL_ENABLE_DEBUG_INFO = NO;
				MTL_FAST_MATH = YES;
				SWIFT_COMPILATION_MODE = wholemodule;
				SWIFT_OPTIMIZATION_LEVEL = "-O";
			};
			name = Release;
		};
		7425F10C29FD3F73002610FF /* Debug */ = {
			isa = XCBuildConfiguration;
			buildSettings = {
				ASSETCATALOG_COMPILER_APPICON_NAME = AppIcon;
				ASSETCATALOG_COMPILER_GLOBAL_ACCENT_COLOR_NAME = AccentColor;
				CODE_SIGN_ENTITLEMENTS = TwitterClone/TwitterClone.entitlements;
				CODE_SIGN_STYLE = Automatic;
				CURRENT_PROJECT_VERSION = 1;
				DEVELOPMENT_ASSET_PATHS = "\"TwitterClone/Preview Content\"";
				DEVELOPMENT_TEAM = 3JFC7AD7WA;
				ENABLE_HARDENED_RUNTIME = YES;
				ENABLE_PREVIEWS = YES;
				GENERATE_INFOPLIST_FILE = YES;
				"INFOPLIST_KEY_UIApplicationSceneManifest_Generation[sdk=iphoneos*]" = YES;
				"INFOPLIST_KEY_UIApplicationSceneManifest_Generation[sdk=iphonesimulator*]" = YES;
				"INFOPLIST_KEY_UIApplicationSupportsIndirectInputEvents[sdk=iphoneos*]" = YES;
				"INFOPLIST_KEY_UIApplicationSupportsIndirectInputEvents[sdk=iphonesimulator*]" = YES;
				"INFOPLIST_KEY_UILaunchScreen_Generation[sdk=iphoneos*]" = YES;
				"INFOPLIST_KEY_UILaunchScreen_Generation[sdk=iphonesimulator*]" = YES;
				"INFOPLIST_KEY_UIStatusBarStyle[sdk=iphoneos*]" = UIStatusBarStyleDefault;
				"INFOPLIST_KEY_UIStatusBarStyle[sdk=iphonesimulator*]" = UIStatusBarStyleDefault;
				INFOPLIST_KEY_UISupportedInterfaceOrientations_iPad = "UIInterfaceOrientationPortrait UIInterfaceOrientationPortraitUpsideDown UIInterfaceOrientationLandscapeLeft UIInterfaceOrientationLandscapeRight";
				INFOPLIST_KEY_UISupportedInterfaceOrientations_iPhone = "UIInterfaceOrientationPortrait UIInterfaceOrientationLandscapeLeft UIInterfaceOrientationLandscapeRight";
				IPHONEOS_DEPLOYMENT_TARGET = 16.4;
				LD_RUNPATH_SEARCH_PATHS = "@executable_path/Frameworks";
				"LD_RUNPATH_SEARCH_PATHS[sdk=macosx*]" = "@executable_path/../Frameworks";
				MACOSX_DEPLOYMENT_TARGET = 13.3;
				MARKETING_VERSION = 1.0;
				PRODUCT_BUNDLE_IDENTIFIER = comMuhammed.TwitterClone;
				PRODUCT_NAME = "$(TARGET_NAME)";
				SDKROOT = auto;
				SUPPORTED_PLATFORMS = "iphoneos iphonesimulator";
				SUPPORTS_MACCATALYST = NO;
				SUPPORTS_MAC_DESIGNED_FOR_IPHONE_IPAD = NO;
				SWIFT_EMIT_LOC_STRINGS = YES;
				SWIFT_VERSION = 5.0;
				TARGETED_DEVICE_FAMILY = 1;
			};
			name = Debug;
		};
		7425F10D29FD3F73002610FF /* Release */ = {
			isa = XCBuildConfiguration;
			buildSettings = {
				ASSETCATALOG_COMPILER_APPICON_NAME = AppIcon;
				ASSETCATALOG_COMPILER_GLOBAL_ACCENT_COLOR_NAME = AccentColor;
				CODE_SIGN_ENTITLEMENTS = TwitterClone/TwitterClone.entitlements;
				CODE_SIGN_STYLE = Automatic;
				CURRENT_PROJECT_VERSION = 1;
				DEVELOPMENT_ASSET_PATHS = "\"TwitterClone/Preview Content\"";
				DEVELOPMENT_TEAM = 3JFC7AD7WA;
				ENABLE_HARDENED_RUNTIME = YES;
				ENABLE_PREVIEWS = YES;
				GENERATE_INFOPLIST_FILE = YES;
				"INFOPLIST_KEY_UIApplicationSceneManifest_Generation[sdk=iphoneos*]" = YES;
				"INFOPLIST_KEY_UIApplicationSceneManifest_Generation[sdk=iphonesimulator*]" = YES;
				"INFOPLIST_KEY_UIApplicationSupportsIndirectInputEvents[sdk=iphoneos*]" = YES;
				"INFOPLIST_KEY_UIApplicationSupportsIndirectInputEvents[sdk=iphonesimulator*]" = YES;
				"INFOPLIST_KEY_UILaunchScreen_Generation[sdk=iphoneos*]" = YES;
				"INFOPLIST_KEY_UILaunchScreen_Generation[sdk=iphonesimulator*]" = YES;
				"INFOPLIST_KEY_UIStatusBarStyle[sdk=iphoneos*]" = UIStatusBarStyleDefault;
				"INFOPLIST_KEY_UIStatusBarStyle[sdk=iphonesimulator*]" = UIStatusBarStyleDefault;
				INFOPLIST_KEY_UISupportedInterfaceOrientations_iPad = "UIInterfaceOrientationPortrait UIInterfaceOrientationPortraitUpsideDown UIInterfaceOrientationLandscapeLeft UIInterfaceOrientationLandscapeRight";
				INFOPLIST_KEY_UISupportedInterfaceOrientations_iPhone = "UIInterfaceOrientationPortrait UIInterfaceOrientationLandscapeLeft UIInterfaceOrientationLandscapeRight";
				IPHONEOS_DEPLOYMENT_TARGET = 16.4;
				LD_RUNPATH_SEARCH_PATHS = "@executable_path/Frameworks";
				"LD_RUNPATH_SEARCH_PATHS[sdk=macosx*]" = "@executable_path/../Frameworks";
				MACOSX_DEPLOYMENT_TARGET = 13.3;
				MARKETING_VERSION = 1.0;
				PRODUCT_BUNDLE_IDENTIFIER = comMuhammed.TwitterClone;
				PRODUCT_NAME = "$(TARGET_NAME)";
				SDKROOT = auto;
				SUPPORTED_PLATFORMS = "iphoneos iphonesimulator";
				SUPPORTS_MACCATALYST = NO;
				SUPPORTS_MAC_DESIGNED_FOR_IPHONE_IPAD = NO;
				SWIFT_EMIT_LOC_STRINGS = YES;
				SWIFT_VERSION = 5.0;
				TARGETED_DEVICE_FAMILY = 1;
			};
			name = Release;
		};
/* End XCBuildConfiguration section */

/* Begin XCConfigurationList section */
		7425F0F729FD3F72002610FF /* Build configuration list for PBXProject "TwitterClone" */ = {
			isa = XCConfigurationList;
			buildConfigurations = (
				7425F10929FD3F73002610FF /* Debug */,
				7425F10A29FD3F73002610FF /* Release */,
			);
			defaultConfigurationIsVisible = 0;
			defaultConfigurationName = Release;
		};
		7425F10B29FD3F73002610FF /* Build configuration list for PBXNativeTarget "TwitterClone" */ = {
			isa = XCConfigurationList;
			buildConfigurations = (
				7425F10C29FD3F73002610FF /* Debug */,
				7425F10D29FD3F73002610FF /* Release */,
			);
			defaultConfigurationIsVisible = 0;
			defaultConfigurationName = Release;
		};
/* End XCConfigurationList section */

/* Begin XCRemoteSwiftPackageReference section */
		7425F15729FE4CF5002610FF /* XCRemoteSwiftPackageReference "firebase-ios-sdk" */ = {
			isa = XCRemoteSwiftPackageReference;
			repositoryURL = "https://github.com/firebase/firebase-ios-sdk";
			requirement = {
				kind = upToNextMajorVersion;
				minimumVersion = 10.0.0;
			};
		};
/* End XCRemoteSwiftPackageReference section */

/* Begin XCSwiftPackageProductDependency section */
		7425F15829FE4CF5002610FF /* FirebaseAuth */ = {
			isa = XCSwiftPackageProductDependency;
			package = 7425F15729FE4CF5002610FF /* XCRemoteSwiftPackageReference "firebase-ios-sdk" */;
			productName = FirebaseAuth;
		};
		7425F15A29FE4CF5002610FF /* FirebaseFirestore */ = {
			isa = XCSwiftPackageProductDependency;
			package = 7425F15729FE4CF5002610FF /* XCRemoteSwiftPackageReference "firebase-ios-sdk" */;
			productName = FirebaseFirestore;
		};
		7425F15C29FE4CF5002610FF /* FirebaseFirestoreSwift */ = {
			isa = XCSwiftPackageProductDependency;
			package = 7425F15729FE4CF5002610FF /* XCRemoteSwiftPackageReference "firebase-ios-sdk" */;
			productName = FirebaseFirestoreSwift;
		};
		7425F15E29FE4CF5002610FF /* FirebaseStorage */ = {
			isa = XCSwiftPackageProductDependency;
			package = 7425F15729FE4CF5002610FF /* XCRemoteSwiftPackageReference "firebase-ios-sdk" */;
			productName = FirebaseStorage;
		};
/* End XCSwiftPackageProductDependency section */
	};
	rootObject = 7425F0F429FD3F72002610FF /* Project object */;
}
